// !$*UTF8*$!
{
	archiveVersion = 1;
	classes = {
	};
	objectVersion = 55;
	objects = {

/* Begin PBXBuildFile section */
		8BCFD45A2801D51D00D5E248 /* AlanSwiftUIApp.swift in Sources */ = {isa = PBXBuildFile; fileRef = 8BCFD4592801D51D00D5E248 /* AlanSwiftUIApp.swift */; };
		8BCFD45C2801D51D00D5E248 /* ContentView.swift in Sources */ = {isa = PBXBuildFile; fileRef = 8BCFD45B2801D51D00D5E248 /* ContentView.swift */; };
		8BCFD45E2801D51F00D5E248 /* Assets.xcassets in Resources */ = {isa = PBXBuildFile; fileRef = 8BCFD45D2801D51F00D5E248 /* Assets.xcassets */; };
		8BCFD4612801D51F00D5E248 /* Preview Assets.xcassets in Resources */ = {isa = PBXBuildFile; fileRef = 8BCFD4602801D51F00D5E248 /* Preview Assets.xcassets */; };
		8BCFD46A2801D54700D5E248 /* AlanSDK.xcframework in Frameworks */ = {isa = PBXBuildFile; fileRef = 8BCFD4682801D54400D5E248 /* AlanSDK.xcframework */; };
		8BCFD46B2801D54700D5E248 /* AlanSDK.xcframework in Embed Frameworks */ = {isa = PBXBuildFile; fileRef = 8BCFD4682801D54400D5E248 /* AlanSDK.xcframework */; settings = {ATTRIBUTES = (CodeSignOnCopy, RemoveHeadersOnCopy, ); }; };
		8BCFD46E2801D57200D5E248 /* UIApplication+Alan.swift in Sources */ = {isa = PBXBuildFile; fileRef = 8BCFD46D2801D57200D5E248 /* UIApplication+Alan.swift */; };
		8BCFD4722801D9A600D5E248 /* ViewDidLoadModifier.swift in Sources */ = {isa = PBXBuildFile; fileRef = 8BCFD4712801D9A600D5E248 /* ViewDidLoadModifier.swift */; };
		8BCFD4742801E0E600D5E248 /* View+OnLoad.swift in Sources */ = {isa = PBXBuildFile; fileRef = 8BCFD4732801E0E600D5E248 /* View+OnLoad.swift */; };
		8BCFD4762801E11500D5E248 /* UIApplication+KeyWindow.swift in Sources */ = {isa = PBXBuildFile; fileRef = 8BCFD4752801E11500D5E248 /* UIApplication+KeyWindow.swift */; };
		8BCFD4782801E17000D5E248 /* AlanSDKButtonState+CustomStringConvertible.swift in Sources */ = {isa = PBXBuildFile; fileRef = 8BCFD4772801E17000D5E248 /* AlanSDKButtonState+CustomStringConvertible.swift */; };
		8BCFD47A2801E19500D5E248 /* ObjectAssociation.swift in Sources */ = {isa = PBXBuildFile; fileRef = 8BCFD4792801E19500D5E248 /* ObjectAssociation.swift */; };
/* End PBXBuildFile section */

/* Begin PBXCopyFilesBuildPhase section */
		8BCFD46C2801D54700D5E248 /* Embed Frameworks */ = {
			isa = PBXCopyFilesBuildPhase;
			buildActionMask = 2147483647;
			dstPath = "";
			dstSubfolderSpec = 10;
			files = (
				8BCFD46B2801D54700D5E248 /* AlanSDK.xcframework in Embed Frameworks */,
			);
			name = "Embed Frameworks";
			runOnlyForDeploymentPostprocessing = 0;
		};
/* End PBXCopyFilesBuildPhase section */

/* Begin PBXFileReference section */
		8BCFD4562801D51D00D5E248 /* AlanSwiftUI.app */ = {isa = PBXFileReference; explicitFileType = wrapper.application; includeInIndex = 0; path = AlanSwiftUI.app; sourceTree = BUILT_PRODUCTS_DIR; };
		8BCFD4592801D51D00D5E248 /* AlanSwiftUIApp.swift */ = {isa = PBXFileReference; lastKnownFileType = sourcecode.swift; path = AlanSwiftUIApp.swift; sourceTree = "<group>"; };
		8BCFD45B2801D51D00D5E248 /* ContentView.swift */ = {isa = PBXFileReference; lastKnownFileType = sourcecode.swift; path = ContentView.swift; sourceTree = "<group>"; };
		8BCFD45D2801D51F00D5E248 /* Assets.xcassets */ = {isa = PBXFileReference; lastKnownFileType = folder.assetcatalog; path = Assets.xcassets; sourceTree = "<group>"; };
		8BCFD4602801D51F00D5E248 /* Preview Assets.xcassets */ = {isa = PBXFileReference; lastKnownFileType = folder.assetcatalog; path = "Preview Assets.xcassets"; sourceTree = "<group>"; };
		8BCFD4682801D54400D5E248 /* AlanSDK.xcframework */ = {isa = PBXFileReference; lastKnownFileType = wrapper.xcframework; path = AlanSDK.xcframework; sourceTree = "<group>"; };
		8BCFD46D2801D57200D5E248 /* UIApplication+Alan.swift */ = {isa = PBXFileReference; lastKnownFileType = sourcecode.swift; path = "UIApplication+Alan.swift"; sourceTree = "<group>"; };
		8BCFD4712801D9A600D5E248 /* ViewDidLoadModifier.swift */ = {isa = PBXFileReference; fileEncoding = 4; lastKnownFileType = sourcecode.swift; path = ViewDidLoadModifier.swift; sourceTree = "<group>"; };
		8BCFD4732801E0E600D5E248 /* View+OnLoad.swift */ = {isa = PBXFileReference; lastKnownFileType = sourcecode.swift; path = "View+OnLoad.swift"; sourceTree = "<group>"; };
		8BCFD4752801E11500D5E248 /* UIApplication+KeyWindow.swift */ = {isa = PBXFileReference; lastKnownFileType = sourcecode.swift; path = "UIApplication+KeyWindow.swift"; sourceTree = "<group>"; };
		8BCFD4772801E17000D5E248 /* AlanSDKButtonState+CustomStringConvertible.swift */ = {isa = PBXFileReference; lastKnownFileType = sourcecode.swift; path = "AlanSDKButtonState+CustomStringConvertible.swift"; sourceTree = "<group>"; };
		8BCFD4792801E19500D5E248 /* ObjectAssociation.swift */ = {isa = PBXFileReference; lastKnownFileType = sourcecode.swift; path = ObjectAssociation.swift; sourceTree = "<group>"; };
/* End PBXFileReference section */

/* Begin PBXFrameworksBuildPhase section */
		8BCFD4532801D51D00D5E248 /* Frameworks */ = {
			isa = PBXFrameworksBuildPhase;
			buildActionMask = 2147483647;
			files = (
				8BCFD46A2801D54700D5E248 /* AlanSDK.xcframework in Frameworks */,
			);
			runOnlyForDeploymentPostprocessing = 0;
		};
/* End PBXFrameworksBuildPhase section */

/* Begin PBXGroup section */
		8BCFD44D2801D51D00D5E248 = {
			isa = PBXGroup;
			children = (
				8BCFD4672801D53C00D5E248 /* Alan */,
				8BCFD4582801D51D00D5E248 /* AlanSwiftUI */,
				8BCFD4572801D51D00D5E248 /* Products */,
			);
			sourceTree = "<group>";
		};
		8BCFD4572801D51D00D5E248 /* Products */ = {
			isa = PBXGroup;
			children = (
				8BCFD4562801D51D00D5E248 /* AlanSwiftUI.app */,
			);
			name = Products;
			sourceTree = "<group>";
		};
		8BCFD4582801D51D00D5E248 /* AlanSwiftUI */ = {
			isa = PBXGroup;
			children = (
				8BCFD4592801D51D00D5E248 /* AlanSwiftUIApp.swift */,
				8BCFD45B2801D51D00D5E248 /* ContentView.swift */,
				8BCFD45D2801D51F00D5E248 /* Assets.xcassets */,
				8BCFD45F2801D51F00D5E248 /* Preview Content */,
			);
			path = AlanSwiftUI;
			sourceTree = "<group>";
		};
		8BCFD45F2801D51F00D5E248 /* Preview Content */ = {
			isa = PBXGroup;
			children = (
				8BCFD4602801D51F00D5E248 /* Preview Assets.xcassets */,
			);
			path = "Preview Content";
			sourceTree = "<group>";
		};
		8BCFD4672801D53C00D5E248 /* Alan */ = {
			isa = PBXGroup;
			children = (
				8BCFD4682801D54400D5E248 /* AlanSDK.xcframework */,
				8BCFD4792801E19500D5E248 /* ObjectAssociation.swift */,
				8BCFD4712801D9A600D5E248 /* ViewDidLoadModifier.swift */,
				8BCFD4732801E0E600D5E248 /* View+OnLoad.swift */,
				8BCFD4752801E11500D5E248 /* UIApplication+KeyWindow.swift */,
				8BCFD46D2801D57200D5E248 /* UIApplication+Alan.swift */,
				8BCFD4772801E17000D5E248 /* AlanSDKButtonState+CustomStringConvertible.swift */,
			);
			path = Alan;
			sourceTree = "<group>";
		};
/* End PBXGroup section */

/* Begin PBXNativeTarget section */
		8BCFD4552801D51D00D5E248 /* AlanSwiftUI */ = {
			isa = PBXNativeTarget;
			buildConfigurationList = 8BCFD4642801D51F00D5E248 /* Build configuration list for PBXNativeTarget "AlanSwiftUI" */;
			buildPhases = (
				8BCFD4522801D51D00D5E248 /* Sources */,
				8BCFD4532801D51D00D5E248 /* Frameworks */,
				8BCFD4542801D51D00D5E248 /* Resources */,
				8BCFD46C2801D54700D5E248 /* Embed Frameworks */,
			);
			buildRules = (
			);
			dependencies = (
			);
			name = AlanSwiftUI;
			productName = AlanSwiftUI;
			productReference = 8BCFD4562801D51D00D5E248 /* AlanSwiftUI.app */;
			productType = "com.apple.product-type.application";
		};
/* End PBXNativeTarget section */

/* Begin PBXProject section */
		8BCFD44E2801D51D00D5E248 /* Project object */ = {
			isa = PBXProject;
			attributes = {
				BuildIndependentTargetsInParallel = 1;
				LastSwiftUpdateCheck = 1320;
				LastUpgradeCheck = 1320;
				TargetAttributes = {
					8BCFD4552801D51D00D5E248 = {
						CreatedOnToolsVersion = 13.2.1;
					};
				};
			};
			buildConfigurationList = 8BCFD4512801D51D00D5E248 /* Build configuration list for PBXProject "AlanSwiftUI" */;
			compatibilityVersion = "Xcode 13.0";
			developmentRegion = en;
			hasScannedForEncodings = 0;
			knownRegions = (
				en,
				Base,
			);
			mainGroup = 8BCFD44D2801D51D00D5E248;
			productRefGroup = 8BCFD4572801D51D00D5E248 /* Products */;
			projectDirPath = "";
			projectRoot = "";
			targets = (
				8BCFD4552801D51D00D5E248 /* AlanSwiftUI */,
			);
		};
/* End PBXProject section */

/* Begin PBXResourcesBuildPhase section */
		8BCFD4542801D51D00D5E248 /* Resources */ = {
			isa = PBXResourcesBuildPhase;
			buildActionMask = 2147483647;
			files = (
				8BCFD4612801D51F00D5E248 /* Preview Assets.xcassets in Resources */,
				8BCFD45E2801D51F00D5E248 /* Assets.xcassets in Resources */,
			);
			runOnlyForDeploymentPostprocessing = 0;
		};
/* End PBXResourcesBuildPhase section */

/* Begin PBXSourcesBuildPhase section */
		8BCFD4522801D51D00D5E248 /* Sources */ = {
			isa = PBXSourcesBuildPhase;
			buildActionMask = 2147483647;
			files = (
				8BCFD4762801E11500D5E248 /* UIApplication+KeyWindow.swift in Sources */,
				8BCFD4742801E0E600D5E248 /* View+OnLoad.swift in Sources */,
				8BCFD4722801D9A600D5E248 /* ViewDidLoadModifier.swift in Sources */,
				8BCFD45C2801D51D00D5E248 /* ContentView.swift in Sources */,
				8BCFD4782801E17000D5E248 /* AlanSDKButtonState+CustomStringConvertible.swift in Sources */,
				8BCFD45A2801D51D00D5E248 /* AlanSwiftUIApp.swift in Sources */,
				8BCFD47A2801E19500D5E248 /* ObjectAssociation.swift in Sources */,
				8BCFD46E2801D57200D5E248 /* UIApplication+Alan.swift in Sources */,
			);
			runOnlyForDeploymentPostprocessing = 0;
		};
/* End PBXSourcesBuildPhase section */

/* Begin XCBuildConfiguration section */
		8BCFD4622801D51F00D5E248 /* Debug */ = {
			isa = XCBuildConfiguration;
			buildSettings = {
				ALWAYS_SEARCH_USER_PATHS = NO;
				CLANG_ANALYZER_NONNULL = YES;
				CLANG_ANALYZER_NUMBER_OBJECT_CONVERSION = YES_AGGRESSIVE;
				CLANG_CXX_LANGUAGE_STANDARD = "gnu++17";
				CLANG_CXX_LIBRARY = "libc++";
				CLANG_ENABLE_MODULES = YES;
				CLANG_ENABLE_OBJC_ARC = YES;
				CLANG_ENABLE_OBJC_WEAK = YES;
				CLANG_WARN_BLOCK_CAPTURE_AUTORELEASING = YES;
				CLANG_WARN_BOOL_CONVERSION = YES;
				CLANG_WARN_COMMA = YES;
				CLANG_WARN_CONSTANT_CONVERSION = YES;
				CLANG_WARN_DEPRECATED_OBJC_IMPLEMENTATIONS = YES;
				CLANG_WARN_DIRECT_OBJC_ISA_USAGE = YES_ERROR;
				CLANG_WARN_DOCUMENTATION_COMMENTS = YES;
				CLANG_WARN_EMPTY_BODY = YES;
				CLANG_WARN_ENUM_CONVERSION = YES;
				CLANG_WARN_INFINITE_RECURSION = YES;
				CLANG_WARN_INT_CONVERSION = YES;
				CLANG_WARN_NON_LITERAL_NULL_CONVERSION = YES;
				CLANG_WARN_OBJC_IMPLICIT_RETAIN_SELF = YES;
				CLANG_WARN_OBJC_LITERAL_CONVERSION = YES;
				CLANG_WARN_OBJC_ROOT_CLASS = YES_ERROR;
				CLANG_WARN_QUOTED_INCLUDE_IN_FRAMEWORK_HEADER = YES;
				CLANG_WARN_RANGE_LOOP_ANALYSIS = YES;
				CLANG_WARN_STRICT_PROTOTYPES = YES;
				CLANG_WARN_SUSPICIOUS_MOVE = YES;
				CLANG_WARN_UNGUARDED_AVAILABILITY = YES_AGGRESSIVE;
				CLANG_WARN_UNREACHABLE_CODE = YES;
				CLANG_WARN__DUPLICATE_METHOD_MATCH = YES;
				COPY_PHASE_STRIP = NO;
				DEBUG_INFORMATION_FORMAT = dwarf;
				ENABLE_STRICT_OBJC_MSGSEND = YES;
				ENABLE_TESTABILITY = YES;
				GCC_C_LANGUAGE_STANDARD = gnu11;
				GCC_DYNAMIC_NO_PIC = NO;
				GCC_NO_COMMON_BLOCKS = YES;
				GCC_OPTIMIZATION_LEVEL = 0;
				GCC_PREPROCESSOR_DEFINITIONS = (
					"DEBUG=1",
					"$(inherited)",
				);
				GCC_WARN_64_TO_32_BIT_CONVERSION = YES;
				GCC_WARN_ABOUT_RETURN_TYPE = YES_ERROR;
				GCC_WARN_UNDECLARED_SELECTOR = YES;
				GCC_WARN_UNINITIALIZED_AUTOS = YES_AGGRESSIVE;
				GCC_WARN_UNUSED_FUNCTION = YES;
				GCC_WARN_UNUSED_VARIABLE = YES;
				IPHONEOS_DEPLOYMENT_TARGET = 15.2;
				MTL_ENABLE_DEBUG_INFO = INCLUDE_SOURCE;
				MTL_FAST_MATH = YES;
				ONLY_ACTIVE_ARCH = YES;
				SDKROOT = iphoneos;
				SWIFT_ACTIVE_COMPILATION_CONDITIONS = DEBUG;
				SWIFT_OPTIMIZATION_LEVEL = "-Onone";
			};
			name = Debug;
		};
		8BCFD4632801D51F00D5E248 /* Release */ = {
			isa = XCBuildConfiguration;
			buildSettings = {
				ALWAYS_SEARCH_USER_PATHS = NO;
				CLANG_ANALYZER_NONNULL = YES;
				CLANG_ANALYZER_NUMBER_OBJECT_CONVERSION = YES_AGGRESSIVE;
				CLANG_CXX_LANGUAGE_STANDARD = "gnu++17";
				CLANG_CXX_LIBRARY = "libc++";
				CLANG_ENABLE_MODULES = YES;
				CLANG_ENABLE_OBJC_ARC = YES;
				CLANG_ENABLE_OBJC_WEAK = YES;
				CLANG_WARN_BLOCK_CAPTURE_AUTORELEASING = YES;
				CLANG_WARN_BOOL_CONVERSION = YES;
				CLANG_WARN_COMMA = YES;
				CLANG_WARN_CONSTANT_CONVERSION = YES;
				CLANG_WARN_DEPRECATED_OBJC_IMPLEMENTATIONS = YES;
				CLANG_WARN_DIRECT_OBJC_ISA_USAGE = YES_ERROR;
				CLANG_WARN_DOCUMENTATION_COMMENTS = YES;
				CLANG_WARN_EMPTY_BODY = YES;
				CLANG_WARN_ENUM_CONVERSION = YES;
				CLANG_WARN_INFINITE_RECURSION = YES;
				CLANG_WARN_INT_CONVERSION = YES;
				CLANG_WARN_NON_LITERAL_NULL_CONVERSION = YES;
				CLANG_WARN_OBJC_IMPLICIT_RETAIN_SELF = YES;
				CLANG_WARN_OBJC_LITERAL_CONVERSION = YES;
				CLANG_WARN_OBJC_ROOT_CLASS = YES_ERROR;
				CLANG_WARN_QUOTED_INCLUDE_IN_FRAMEWORK_HEADER = YES;
				CLANG_WARN_RANGE_LOOP_ANALYSIS = YES;
				CLANG_WARN_STRICT_PROTOTYPES = YES;
				CLANG_WARN_SUSPICIOUS_MOVE = YES;
				CLANG_WARN_UNGUARDED_AVAILABILITY = YES_AGGRESSIVE;
				CLANG_WARN_UNREACHABLE_CODE = YES;
				CLANG_WARN__DUPLICATE_METHOD_MATCH = YES;
				COPY_PHASE_STRIP = NO;
				DEBUG_INFORMATION_FORMAT = "dwarf-with-dsym";
				ENABLE_NS_ASSERTIONS = NO;
				ENABLE_STRICT_OBJC_MSGSEND = YES;
				GCC_C_LANGUAGE_STANDARD = gnu11;
				GCC_NO_COMMON_BLOCKS = YES;
				GCC_WARN_64_TO_32_BIT_CONVERSION = YES;
				GCC_WARN_ABOUT_RETURN_TYPE = YES_ERROR;
				GCC_WARN_UNDECLARED_SELECTOR = YES;
				GCC_WARN_UNINITIALIZED_AUTOS = YES_AGGRESSIVE;
				GCC_WARN_UNUSED_FUNCTION = YES;
				GCC_WARN_UNUSED_VARIABLE = YES;
				IPHONEOS_DEPLOYMENT_TARGET = 15.2;
				MTL_ENABLE_DEBUG_INFO = NO;
				MTL_FAST_MATH = YES;
				SDKROOT = iphoneos;
				SWIFT_COMPILATION_MODE = wholemodule;
				SWIFT_OPTIMIZATION_LEVEL = "-O";
				VALIDATE_PRODUCT = YES;
			};
			name = Release;
		};
		8BCFD4652801D51F00D5E248 /* Debug */ = {
			isa = XCBuildConfiguration;
			buildSettings = {
				ASSETCATALOG_COMPILER_APPICON_NAME = AppIcon;
				ASSETCATALOG_COMPILER_GLOBAL_ACCENT_COLOR_NAME = AccentColor;
				CODE_SIGN_STYLE = Automatic;
				CURRENT_PROJECT_VERSION = 1;
				DEVELOPMENT_ASSET_PATHS = "\"AlanSwiftUI/Preview Content\"";
				DEVELOPMENT_TEAM = 32A9L53S2G;
				ENABLE_PREVIEWS = YES;
				GENERATE_INFOPLIST_FILE = YES;
				INFOPLIST_KEY_NSMicrophoneUsageDescription = "Allow mic";
				INFOPLIST_KEY_UIApplicationSceneManifest_Generation = YES;
				INFOPLIST_KEY_UIApplicationSupportsIndirectInputEvents = YES;
				INFOPLIST_KEY_UILaunchScreen_Generation = YES;
				INFOPLIST_KEY_UISupportedInterfaceOrientations_iPad = "UIInterfaceOrientationPortrait UIInterfaceOrientationPortraitUpsideDown UIInterfaceOrientationLandscapeLeft UIInterfaceOrientationLandscapeRight";
				INFOPLIST_KEY_UISupportedInterfaceOrientations_iPhone = "UIInterfaceOrientationPortrait UIInterfaceOrientationLandscapeLeft UIInterfaceOrientationLandscapeRight";
				LD_RUNPATH_SEARCH_PATHS = (
					"$(inherited)",
					"@executable_path/Frameworks",
				);
				MARKETING_VERSION = 1.0;
				PRODUCT_BUNDLE_IDENTIFIER = app.alan.TestAlan.AlanSwiftUI;
				PRODUCT_NAME = "$(TARGET_NAME)";
				SWIFT_EMIT_LOC_STRINGS = YES;
				SWIFT_VERSION = 5.0;
				TARGETED_DEVICE_FAMILY = "1,2";
			};
			name = Debug;
		};
		8BCFD4662801D51F00D5E248 /* Release */ = {
			isa = XCBuildConfiguration;
			buildSettings = {
				ASSETCATALOG_COMPILER_APPICON_NAME = AppIcon;
				ASSETCATALOG_COMPILER_GLOBAL_ACCENT_COLOR_NAME = AccentColor;
				CODE_SIGN_STYLE = Automatic;
				CURRENT_PROJECT_VERSION = 1;
				DEVELOPMENT_ASSET_PATHS = "\"AlanSwiftUI/Preview Content\"";
				DEVELOPMENT_TEAM = 32A9L53S2G;
				ENABLE_PREVIEWS = YES;
				GENERATE_INFOPLIST_FILE = YES;
				INFOPLIST_KEY_NSMicrophoneUsageDescription = "Allow mic";
				INFOPLIST_KEY_UIApplicationSceneManifest_Generation = YES;
				INFOPLIST_KEY_UIApplicationSupportsIndirectInputEvents = YES;
				INFOPLIST_KEY_UILaunchScreen_Generation = YES;
				INFOPLIST_KEY_UISupportedInterfaceOrientations_iPad = "UIInterfaceOrientationPortrait UIInterfaceOrientationPortraitUpsideDown UIInterfaceOrientationLandscapeLeft UIInterfaceOrientationLandscapeRight";
				INFOPLIST_KEY_UISupportedInterfaceOrientations_iPhone = "UIInterfaceOrientationPortrait UIInterfaceOrientationLandscapeLeft UIInterfaceOrientationLandscapeRight";
				LD_RUNPATH_SEARCH_PATHS = (
					"$(inherited)",
					"@executable_path/Frameworks",
				);
				MARKETING_VERSION = 1.0;
				PRODUCT_BUNDLE_IDENTIFIER = app.alan.TestAlan.AlanSwiftUI;
				PRODUCT_NAME = "$(TARGET_NAME)";
				SWIFT_EMIT_LOC_STRINGS = YES;
				SWIFT_VERSION = 5.0;
				TARGETED_DEVICE_FAMILY = "1,2";
			};
			name = Release;
		};
/* End XCBuildConfiguration section */

/* Begin XCConfigurationList section */
		8BCFD4512801D51D00D5E248 /* Build configuration list for PBXProject "AlanSwiftUI" */ = {
			isa = XCConfigurationList;
			buildConfigurations = (
				8BCFD4622801D51F00D5E248 /* Debug */,
				8BCFD4632801D51F00D5E248 /* Release */,
			);
			defaultConfigurationIsVisible = 0;
			defaultConfigurationName = Release;
		};
		8BCFD4642801D51F00D5E248 /* Build configuration list for PBXNativeTarget "AlanSwiftUI" */ = {
			isa = XCConfigurationList;
			buildConfigurations = (
				8BCFD4652801D51F00D5E248 /* Debug */,
				8BCFD4662801D51F00D5E248 /* Release */,
			);
			defaultConfigurationIsVisible = 0;
			defaultConfigurationName = Release;
		};
/* End XCConfigurationList section */
	};
	rootObject = 8BCFD44E2801D51D00D5E248 /* Project object */;
}
